// !$*UTF8*$!
{
	archiveVersion = 1;
	classes = {
	};
	objectVersion = 50;
	objects = {

/* Begin PBXBuildFile section */
		5849A252210D19C60035CF25 /* AreaAndPerimeterViewController.swift in Sources */ = {isa = PBXBuildFile; fileRef = 5849A251210D19C60035CF25 /* AreaAndPerimeterViewController.swift */; };
		5849A254210D19F50035CF25 /* Shape.swift in Sources */ = {isa = PBXBuildFile; fileRef = 5849A253210D19F50035CF25 /* Shape.swift */; };
		5849A256210D1BB30035CF25 /* Circle.swift in Sources */ = {isa = PBXBuildFile; fileRef = 5849A255210D1BB30035CF25 /* Circle.swift */; };
		5849A258210D1DDB0035CF25 /* Rectangle.swift in Sources */ = {isa = PBXBuildFile; fileRef = 5849A257210D1DDB0035CF25 /* Rectangle.swift */; };
		5849A25A210D1DE10035CF25 /* Square.swift in Sources */ = {isa = PBXBuildFile; fileRef = 5849A259210D1DE10035CF25 /* Square.swift */; };
		58559442210B508F00B12D60 /* AppDelegate.swift in Sources */ = {isa = PBXBuildFile; fileRef = 58559441210B508F00B12D60 /* AppDelegate.swift */; };
		58559447210B508F00B12D60 /* Main.storyboard in Resources */ = {isa = PBXBuildFile; fileRef = 58559445210B508F00B12D60 /* Main.storyboard */; };
		58559449210B508F00B12D60 /* Assets.xcassets in Resources */ = {isa = PBXBuildFile; fileRef = 58559448210B508F00B12D60 /* Assets.xcassets */; };
		5855944C210B508F00B12D60 /* LaunchScreen.storyboard in Resources */ = {isa = PBXBuildFile; fileRef = 5855944A210B508F00B12D60 /* LaunchScreen.storyboard */; };
		58DD4CCB210E3E6E00405B09 /* DrawView.swift in Sources */ = {isa = PBXBuildFile; fileRef = 58DD4CCA210E3E6E00405B09 /* DrawView.swift */; };
/* End PBXBuildFile section */

/* Begin PBXFileReference section */
		5849A251210D19C60035CF25 /* AreaAndPerimeterViewController.swift */ = {isa = PBXFileReference; lastKnownFileType = sourcecode.swift; path = AreaAndPerimeterViewController.swift; sourceTree = "<group>"; };
		5849A253210D19F50035CF25 /* Shape.swift */ = {isa = PBXFileReference; lastKnownFileType = sourcecode.swift; path = Shape.swift; sourceTree = "<group>"; };
		5849A255210D1BB30035CF25 /* Circle.swift */ = {isa = PBXFileReference; lastKnownFileType = sourcecode.swift; path = Circle.swift; sourceTree = "<group>"; };
		5849A257210D1DDB0035CF25 /* Rectangle.swift */ = {isa = PBXFileReference; lastKnownFileType = sourcecode.swift; path = Rectangle.swift; sourceTree = "<group>"; };
		5849A259210D1DE10035CF25 /* Square.swift */ = {isa = PBXFileReference; lastKnownFileType = sourcecode.swift; path = Square.swift; sourceTree = "<group>"; };
		5855943E210B508F00B12D60 /* AreaAndPerimeter.app */ = {isa = PBXFileReference; explicitFileType = wrapper.application; includeInIndex = 0; path = AreaAndPerimeter.app; sourceTree = BUILT_PRODUCTS_DIR; };
		58559441210B508F00B12D60 /* AppDelegate.swift */ = {isa = PBXFileReference; lastKnownFileType = sourcecode.swift; path = AppDelegate.swift; sourceTree = "<group>"; };
		58559446210B508F00B12D60 /* Base */ = {isa = PBXFileReference; lastKnownFileType = file.storyboard; name = Base; path = Base.lproj/Main.storyboard; sourceTree = "<group>"; };
		58559448210B508F00B12D60 /* Assets.xcassets */ = {isa = PBXFileReference; lastKnownFileType = folder.assetcatalog; path = Assets.xcassets; sourceTree = "<group>"; };
		5855944B210B508F00B12D60 /* Base */ = {isa = PBXFileReference; lastKnownFileType = file.storyboard; name = Base; path = Base.lproj/LaunchScreen.storyboard; sourceTree = "<group>"; };
		5855944D210B508F00B12D60 /* Info.plist */ = {isa = PBXFileReference; lastKnownFileType = text.plist.xml; path = Info.plist; sourceTree = "<group>"; };
		58DD4CCA210E3E6E00405B09 /* DrawView.swift */ = {isa = PBXFileReference; lastKnownFileType = sourcecode.swift; path = DrawView.swift; sourceTree = "<group>"; };
/* End PBXFileReference section */

/* Begin PBXFrameworksBuildPhase section */
		5855943B210B508F00B12D60 /* Frameworks */ = {
			isa = PBXFrameworksBuildPhase;
			buildActionMask = 2147483647;
			files = (
			);
			runOnlyForDeploymentPostprocessing = 0;
		};
/* End PBXFrameworksBuildPhase section */

/* Begin PBXGroup section */
		58559435210B508F00B12D60 = {
			isa = PBXGroup;
			children = (
				58559440210B508F00B12D60 /* AreaAndPerimeter */,
				5855943F210B508F00B12D60 /* Products */,
			);
			sourceTree = "<group>";
		};
		5855943F210B508F00B12D60 /* Products */ = {
			isa = PBXGroup;
			children = (
				5855943E210B508F00B12D60 /* AreaAndPerimeter.app */,
			);
			name = Products;
			sourceTree = "<group>";
		};
		58559440210B508F00B12D60 /* AreaAndPerimeter */ = {
			isa = PBXGroup;
			children = (
				5849A255210D1BB30035CF25 /* Circle.swift */,
				5849A257210D1DDB0035CF25 /* Rectangle.swift */,
				5849A259210D1DE10035CF25 /* Square.swift */,
				58559441210B508F00B12D60 /* AppDelegate.swift */,
				58559445210B508F00B12D60 /* Main.storyboard */,
				5849A251210D19C60035CF25 /* AreaAndPerimeterViewController.swift */,
				58DD4CCA210E3E6E00405B09 /* DrawView.swift */,
				5849A253210D19F50035CF25 /* Shape.swift */,
				58559448210B508F00B12D60 /* Assets.xcassets */,
				5855944A210B508F00B12D60 /* LaunchScreen.storyboard */,
				5855944D210B508F00B12D60 /* Info.plist */,
			);
			path = AreaAndPerimeter;
			sourceTree = "<group>";
		};
/* End PBXGroup section */

/* Begin PBXNativeTarget section */
		5855943D210B508F00B12D60 /* AreaAndPerimeter */ = {
			isa = PBXNativeTarget;
			buildConfigurationList = 58559450210B508F00B12D60 /* Build configuration list for PBXNativeTarget "AreaAndPerimeter" */;
			buildPhases = (
				5855943A210B508F00B12D60 /* Sources */,
				5855943B210B508F00B12D60 /* Frameworks */,
				5855943C210B508F00B12D60 /* Resources */,
			);
			buildRules = (
			);
			dependencies = (
			);
			name = AreaAndPerimeter;
			productName = AreaAndPerimeter;
			productReference = 5855943E210B508F00B12D60 /* AreaAndPerimeter.app */;
			productType = "com.apple.product-type.application";
		};
/* End PBXNativeTarget section */

/* Begin PBXProject section */
		58559436210B508F00B12D60 /* Project object */ = {
			isa = PBXProject;
			attributes = {
				LastSwiftUpdateCheck = 0940;
				LastUpgradeCheck = 0940;
				ORGANIZATIONNAME = "Sam Dindyal";
				TargetAttributes = {
					5855943D210B508F00B12D60 = {
						CreatedOnToolsVersion = 9.4.1;
					};
				};
			};
			buildConfigurationList = 58559439210B508F00B12D60 /* Build configuration list for PBXProject "AreaAndPerimeter" */;
			compatibilityVersion = "Xcode 9.3";
			developmentRegion = en;
			hasScannedForEncodings = 0;
			knownRegions = (
				en,
				Base,
			);
			mainGroup = 58559435210B508F00B12D60;
			productRefGroup = 5855943F210B508F00B12D60 /* Products */;
			projectDirPath = "";
			projectRoot = "";
			targets = (
				5855943D210B508F00B12D60 /* AreaAndPerimeter */,
			);
		};
/* End PBXProject section */

/* Begin PBXResourcesBuildPhase section */
		5855943C210B508F00B12D60 /* Resources */ = {
			isa = PBXResourcesBuildPhase;
			buildActionMask = 2147483647;
			files = (
				5855944C210B508F00B12D60 /* LaunchScreen.storyboard in Resources */,
				58559449210B508F00B12D60 /* Assets.xcassets in Resources */,
				58559447210B508F00B12D60 /* Main.storyboard in Resources */,
			);
			runOnlyForDeploymentPostprocessing = 0;
		};
/* End PBXResourcesBuildPhase section */

/* Begin PBXSourcesBuildPhase section */
		5855943A210B508F00B12D60 /* Sources */ = {
			isa = PBXSourcesBuildPhase;
			buildActionMask = 2147483647;
			files = (
				5849A25A210D1DE10035CF25 /* Square.swift in Sources */,
				5849A258210D1DDB0035CF25 /* Rectangle.swift in Sources */,
				58DD4CCB210E3E6E00405B09 /* DrawView.swift in Sources */,
				5849A252210D19C60035CF25 /* AreaAndPerimeterViewController.swift in Sources */,
				5849A256210D1BB30035CF25 /* Circle.swift in Sources */,
				58559442210B508F00B12D60 /* AppDelegate.swift in Sources */,
				5849A254210D19F50035CF25 /* Shape.swift in Sources */,
			);
			runOnlyForDeploymentPostprocessing = 0;
		};
/* End PBXSourcesBuildPhase section */

/* Begin PBXVariantGroup section */
		58559445210B508F00B12D60 /* Main.storyboard */ = {
			isa = PBXVariantGroup;
			children = (
				58559446210B508F00B12D60 /* Base */,
			);
			name = Main.storyboard;
			sourceTree = "<group>";
		};
		5855944A210B508F00B12D60 /* LaunchScreen.storyboard */ = {
			isa = PBXVariantGroup;
			children = (
				5855944B210B508F00B12D60 /* Base */,
			);
			name = LaunchScreen.storyboard;
			sourceTree = "<group>";
		};
/* End PBXVariantGroup section */

/* Begin XCBuildConfiguration section */
		5855944E210B508F00B12D60 /* Debug */ = {
			isa = XCBuildConfiguration;
			buildSettings = {
				ALWAYS_SEARCH_USER_PATHS = NO;
				CLANG_ANALYZER_NONNULL = YES;
				CLANG_ANALYZER_NUMBER_OBJECT_CONVERSION = YES_AGGRESSIVE;
				CLANG_CXX_LANGUAGE_STANDARD = "gnu++14";
				CLANG_CXX_LIBRARY = "libc++";
				CLANG_ENABLE_MODULES = YES;
				CLANG_ENABLE_OBJC_ARC = YES;
				CLANG_ENABLE_OBJC_WEAK = YES;
				CLANG_WARN_BLOCK_CAPTURE_AUTORELEASING = YES;
				CLANG_WARN_BOOL_CONVERSION = YES;
				CLANG_WARN_COMMA = YES;
				CLANG_WARN_CONSTANT_CONVERSION = YES;
				CLANG_WARN_DEPRECATED_OBJC_IMPLEMENTATIONS = YES;
				CLANG_WARN_DIRECT_OBJC_ISA_USAGE = YES_ERROR;
				CLANG_WARN_DOCUMENTATION_COMMENTS = YES;
				CLANG_WARN_EMPTY_BODY = YES;
				CLANG_WARN_ENUM_CONVERSION = YES;
				CLANG_WARN_INFINITE_RECURSION = YES;
				CLANG_WARN_INT_CONVERSION = YES;
				CLANG_WARN_NON_LITERAL_NULL_CONVERSION = YES;
				CLANG_WARN_OBJC_IMPLICIT_RETAIN_SELF = YES;
				CLANG_WARN_OBJC_LITERAL_CONVERSION = YES;
				CLANG_WARN_OBJC_ROOT_CLASS = YES_ERROR;
				CLANG_WARN_RANGE_LOOP_ANALYSIS = YES;
				CLANG_WARN_STRICT_PROTOTYPES = YES;
				CLANG_WARN_SUSPICIOUS_MOVE = YES;
				CLANG_WARN_UNGUARDED_AVAILABILITY = YES_AGGRESSIVE;
				CLANG_WARN_UNREACHABLE_CODE = YES;
				CLANG_WARN__DUPLICATE_METHOD_MATCH = YES;
				CODE_SIGN_IDENTITY = "iPhone Developer";
				COPY_PHASE_STRIP = NO;
				DEBUG_INFORMATION_FORMAT = dwarf;
				ENABLE_STRICT_OBJC_MSGSEND = YES;
				ENABLE_TESTABILITY = YES;
				GCC_C_LANGUAGE_STANDARD = gnu11;
				GCC_DYNAMIC_NO_PIC = NO;
				GCC_NO_COMMON_BLOCKS = YES;
				GCC_OPTIMIZATION_LEVEL = 0;
				GCC_PREPROCESSOR_DEFINITIONS = (
					"DEBUG=1",
					"$(inherited)",
				);
				GCC_WARN_64_TO_32_BIT_CONVERSION = YES;
				GCC_WARN_ABOUT_RETURN_TYPE = YES_ERROR;
				GCC_WARN_UNDECLARED_SELECTOR = YES;
				GCC_WARN_UNINITIALIZED_AUTOS = YES_AGGRESSIVE;
				GCC_WARN_UNUSED_FUNCTION = YES;
				GCC_WARN_UNUSED_VARIABLE = YES;
				IPHONEOS_DEPLOYMENT_TARGET = 11.4;
				MTL_ENABLE_DEBUG_INFO = YES;
				ONLY_ACTIVE_ARCH = YES;
				SDKROOT = iphoneos;
				SWIFT_ACTIVE_COMPILATION_CONDITIONS = DEBUG;
				SWIFT_OPTIMIZATION_LEVEL = "-Onone";
			};
			name = Debug;
		};
		5855944F210B508F00B12D60 /* Release */ = {
			isa = XCBuildConfiguration;
			buildSettings = {
				ALWAYS_SEARCH_USER_PATHS = NO;
				CLANG_ANALYZER_NONNULL = YES;
				CLANG_ANALYZER_NUMBER_OBJECT_CONVERSION = YES_AGGRESSIVE;
				CLANG_CXX_LANGUAGE_STANDARD = "gnu++14";
				CLANG_CXX_LIBRARY = "libc++";
				CLANG_ENABLE_MODULES = YES;
				CLANG_ENABLE_OBJC_ARC = YES;
				CLANG_ENABLE_OBJC_WEAK = YES;
				CLANG_WARN_BLOCK_CAPTURE_AUTORELEASING = YES;
				CLANG_WARN_BOOL_CONVERSION = YES;
				CLANG_WARN_COMMA = YES;
				CLANG_WARN_CONSTANT_CONVERSION = YES;
				CLANG_WARN_DEPRECATED_OBJC_IMPLEMENTATIONS = YES;
				CLANG_WARN_DIRECT_OBJC_ISA_USAGE = YES_ERROR;
				CLANG_WARN_DOCUMENTATION_COMMENTS = YES;
				CLANG_WARN_EMPTY_BODY = YES;
				CLANG_WARN_ENUM_CONVERSION = YES;
				CLANG_WARN_INFINITE_RECURSION = YES;
				CLANG_WARN_INT_CONVERSION = YES;
				CLANG_WARN_NON_LITERAL_NULL_CONVERSION = YES;
				CLANG_WARN_OBJC_IMPLICIT_RETAIN_SELF = YES;
				CLANG_WARN_OBJC_LITERAL_CONVERSION = YES;
				CLANG_WARN_OBJC_ROOT_CLASS = YES_ERROR;
				CLANG_WARN_RANGE_LOOP_ANALYSIS = YES;
				CLANG_WARN_STRICT_PROTOTYPES = YES;
				CLANG_WARN_SUSPICIOUS_MOVE = YES;
				CLANG_WARN_UNGUARDED_AVAILABILITY = YES_AGGRESSIVE;
				CLANG_WARN_UNREACHABLE_CODE = YES;
				CLANG_WARN__DUPLICATE_METHOD_MATCH = YES;
				CODE_SIGN_IDENTITY = "iPhone Developer";
				COPY_PHASE_STRIP = NO;
				DEBUG_INFORMATION_FORMAT = "dwarf-with-dsym";
				ENABLE_NS_ASSERTIONS = NO;
				ENABLE_STRICT_OBJC_MSGSEND = YES;
				GCC_C_LANGUAGE_STANDARD = gnu11;
				GCC_NO_COMMON_BLOCKS = YES;
				GCC_WARN_64_TO_32_BIT_CONVERSION = YES;
				GCC_WARN_ABOUT_RETURN_TYPE = YES_ERROR;
				GCC_WARN_UNDECLARED_SELECTOR = YES;
				GCC_WARN_UNINITIALIZED_AUTOS = YES_AGGRESSIVE;
				GCC_WARN_UNUSED_FUNCTION = YES;
				GCC_WARN_UNUSED_VARIABLE = YES;
				IPHONEOS_DEPLOYMENT_TARGET = 11.4;
				MTL_ENABLE_DEBUG_INFO = NO;
				SDKROOT = iphoneos;
				SWIFT_COMPILATION_MODE = wholemodule;
				SWIFT_OPTIMIZATION_LEVEL = "-O";
				VALIDATE_PRODUCT = YES;
			};
			name = Release;
		};
		58559451210B508F00B12D60 /* Debug */ = {
			isa = XCBuildConfiguration;
			buildSettings = {
				ASSETCATALOG_COMPILER_APPICON_NAME = AppIcon;
				CODE_SIGN_STYLE = Automatic;
				DEVELOPMENT_TEAM = 4T4R2ZX7AH;
				INFOPLIST_FILE = AreaAndPerimeter/Info.plist;
				LD_RUNPATH_SEARCH_PATHS = (
					"$(inherited)",
					"@executable_path/Frameworks",
				);
				PRODUCT_BUNDLE_IDENTIFIER = com.samdindyal.AreaAndPerimeter;
				PRODUCT_NAME = "$(TARGET_NAME)";
				SWIFT_VERSION = 4.0;
				TARGETED_DEVICE_FAMILY = "1,2";
			};
			name = Debug;
		};
		58559452210B508F00B12D60 /* Release */ = {
			isa = XCBuildConfiguration;
			buildSettings = {
				ASSETCATALOG_COMPILER_APPICON_NAME = AppIcon;
				CODE_SIGN_STYLE = Automatic;
				DEVELOPMENT_TEAM = 4T4R2ZX7AH;
				INFOPLIST_FILE = AreaAndPerimeter/Info.plist;
				LD_RUNPATH_SEARCH_PATHS = (
					"$(inherited)",
					"@executable_path/Frameworks",
				);
				PRODUCT_BUNDLE_IDENTIFIER = com.samdindyal.AreaAndPerimeter;
				PRODUCT_NAME = "$(TARGET_NAME)";
				SWIFT_VERSION = 4.0;
				TARGETED_DEVICE_FAMILY = "1,2";
			};
			name = Release;
		};
/* End XCBuildConfiguration section */

/* Begin XCConfigurationList section */
		58559439210B508F00B12D60 /* Build configuration list for PBXProject "AreaAndPerimeter" */ = {
			isa = XCConfigurationList;
			buildConfigurations = (
				5855944E210B508F00B12D60 /* Debug */,
				5855944F210B508F00B12D60 /* Release */,
			);
			defaultConfigurationIsVisible = 0;
			defaultConfigurationName = Release;
		};
		58559450210B508F00B12D60 /* Build configuration list for PBXNativeTarget "AreaAndPerimeter" */ = {
			isa = XCConfigurationList;
			buildConfigurations = (
				58559451210B508F00B12D60 /* Debug */,
				58559452210B508F00B12D60 /* Release */,
			);
			defaultConfigurationIsVisible = 0;
			defaultConfigurationName = Release;
		};
/* End XCConfigurationList section */
	};
	rootObject = 58559436210B508F00B12D60 /* Project object */;
}
